
Microsoft Visual Studio Solution File, Format Version 12.00
# Visual Studio Version 16
VisualStudioVersion = 16.0.29102.190
MinimumVisualStudioVersion = 10.0.40219.1
Project("{FAE04EC0-301F-11D3-BF4B-00C04F79EFBC}") = "ict project", "ict project\ict project.csproj", "{FEC38A58-823A-453B-A8FE-28DBD72DEB2F}"
EndProject
Global
	GlobalSection(SolutionConfigurationPlatforms) = preSolution
		Debug|Any CPU = Debug|Any CPU
		Release|Any CPU = Release|Any CPU
	EndGlobalSection
	GlobalSection(ProjectConfigurationPlatforms) = postSolution
		{FEC38A58-823A-453B-A8FE-28DBD72DEB2F}.Debug|Any CPU.ActiveCfg = Debug|Any CPU
		{FEC38A58-823A-453B-A8FE-28DBD72DEB2F}.Debug|Any CPU.Build.0 = Debug|Any CPU
		{FEC38A58-823A-453B-A8FE-28DBD72DEB2F}.Release|Any CPU.ActiveCfg = Release|Any CPU
		{FEC38A58-823A-453B-A8FE-28DBD72DEB2F}.Release|Any CPU.Build.0 = Release|Any CPU
	EndGlobalSection
	GlobalSection(SolutionProperties) = preSolution
		HideSolutionNode = FALSE
	EndGlobalSection
	GlobalSection(ExtensibilityGlobals) = postSolution
		SolutionGuid = {8F4F671E-0F67-450B-B27F-15E54E5248B7}
	EndGlobalSection
EndGlobal
